
Microsoft Visual Studio Solution File, Format Version 12.00
Project("{FAE04EC0-301F-11D3-BF4B-00C04F79EFBC}") = "SolarWatch", "SolarWatch\SolarWatch.csproj", "{17BA0838-8510-4BA1-94BC-C008E94E1150}"
EndProject
Project("{FAE04EC0-301F-11D3-BF4B-00C04F79EFBC}") = "SolarWatch.Tests", "SolarWatch.Tests\SolarWatch.Tests.csproj", "{FA68C65F-2D03-4D97-9BD8-4FB6BF483084}"
EndProject
Project("{2150E333-8FDC-42A3-9474-1A3956D46DE8}") = "Solution Items", "Solution Items", "{7CEB607C-B5CC-497D-986E-0724D1C85792}"
EndProject
Project("{FAE04EC0-301F-11D3-BF4B-00C04F79EFBC}") = "SolarWatch.IntegrationTests", "SolarWatch.IntegrationTests\SolarWatch.IntegrationTests.csproj", "{6BE1934A-3FF4-434F-8EF5-37D0BBD0CA28}"
EndProject
Global
	GlobalSection(SolutionConfigurationPlatforms) = preSolution
		Debug|Any CPU = Debug|Any CPU
		Release|Any CPU = Release|Any CPU
	EndGlobalSection
	GlobalSection(ProjectConfigurationPlatforms) = postSolution
		{17BA0838-8510-4BA1-94BC-C008E94E1150}.Debug|Any CPU.ActiveCfg = Debug|Any CPU
		{17BA0838-8510-4BA1-94BC-C008E94E1150}.Debug|Any CPU.Build.0 = Debug|Any CPU
		{17BA0838-8510-4BA1-94BC-C008E94E1150}.Release|Any CPU.ActiveCfg = Release|Any CPU
		{17BA0838-8510-4BA1-94BC-C008E94E1150}.Release|Any CPU.Build.0 = Release|Any CPU
		{FA68C65F-2D03-4D97-9BD8-4FB6BF483084}.Debug|Any CPU.ActiveCfg = Debug|Any CPU
		{FA68C65F-2D03-4D97-9BD8-4FB6BF483084}.Debug|Any CPU.Build.0 = Debug|Any CPU
		{FA68C65F-2D03-4D97-9BD8-4FB6BF483084}.Release|Any CPU.ActiveCfg = Release|Any CPU
		{FA68C65F-2D03-4D97-9BD8-4FB6BF483084}.Release|Any CPU.Build.0 = Release|Any CPU
		{6BE1934A-3FF4-434F-8EF5-37D0BBD0CA28}.Debug|Any CPU.ActiveCfg = Debug|Any CPU
		{6BE1934A-3FF4-434F-8EF5-37D0BBD0CA28}.Debug|Any CPU.Build.0 = Debug|Any CPU
		{6BE1934A-3FF4-434F-8EF5-37D0BBD0CA28}.Release|Any CPU.ActiveCfg = Release|Any CPU
		{6BE1934A-3FF4-434F-8EF5-37D0BBD0CA28}.Release|Any CPU.Build.0 = Release|Any CPU
	EndGlobalSection
EndGlobal
